
Microsoft Visual Studio Solution File, Format Version 12.00
# Visual Studio 15
VisualStudioVersion = 15.0.28010.0
MinimumVisualStudioVersion = 10.0.40219.1
Project("{FAE04EC0-301F-11D3-BF4B-00C04F79EFBC}") = "HitWicket", "HitWicket\HitWicket.csproj", "{7148D344-7F23-41DF-9405-39FEFC3BF319}"
EndProject
Global
	GlobalSection(SolutionConfigurationPlatforms) = preSolution
		Debug|Any CPU = Debug|Any CPU
		Release|Any CPU = Release|Any CPU
	EndGlobalSection
	GlobalSection(ProjectConfigurationPlatforms) = postSolution
		{7148D344-7F23-41DF-9405-39FEFC3BF319}.Debug|Any CPU.ActiveCfg = Debug|Any CPU
		{7148D344-7F23-41DF-9405-39FEFC3BF319}.Debug|Any CPU.Build.0 = Debug|Any CPU
		{7148D344-7F23-41DF-9405-39FEFC3BF319}.Release|Any CPU.ActiveCfg = Release|Any CPU
		{7148D344-7F23-41DF-9405-39FEFC3BF319}.Release|Any CPU.Build.0 = Release|Any CPU
	EndGlobalSection
	GlobalSection(SolutionProperties) = preSolution
		HideSolutionNode = FALSE
	EndGlobalSection
	GlobalSection(ExtensibilityGlobals) = postSolution
		SolutionGuid = {8BE5A13B-F7B3-415A-A4D7-5E029C8A9007}
	EndGlobalSection
EndGlobal
